
Microsoft Visual Studio Solution File, Format Version 12.00
# Visual Studio Version 16
VisualStudioVersion = 16.0.31515.178
MinimumVisualStudioVersion = 10.0.40219.1
Project("{FAE04EC0-301F-11D3-BF4B-00C04F79EFBC}") = "Day23-AddressBookSystem", "Day23-AddressBookSystem\Day23-AddressBookSystem.csproj", "{E0AE1A04-3676-4BFC-9E19-728BFA0DB431}"
EndProject
Global
	GlobalSection(SolutionConfigurationPlatforms) = preSolution
		Debug|Any CPU = Debug|Any CPU
		Release|Any CPU = Release|Any CPU
	EndGlobalSection
	GlobalSection(ProjectConfigurationPlatforms) = postSolution
		{E0AE1A04-3676-4BFC-9E19-728BFA0DB431}.Debug|Any CPU.ActiveCfg = Debug|Any CPU
		{E0AE1A04-3676-4BFC-9E19-728BFA0DB431}.Debug|Any CPU.Build.0 = Debug|Any CPU
		{E0AE1A04-3676-4BFC-9E19-728BFA0DB431}.Release|Any CPU.ActiveCfg = Release|Any CPU
		{E0AE1A04-3676-4BFC-9E19-728BFA0DB431}.Release|Any CPU.Build.0 = Release|Any CPU
	EndGlobalSection
	GlobalSection(SolutionProperties) = preSolution
		HideSolutionNode = FALSE
	EndGlobalSection
	GlobalSection(ExtensibilityGlobals) = postSolution
		SolutionGuid = {EAF59C16-B3A9-484C-A5B8-C316E6068C37}
	EndGlobalSection
EndGlobal
